// !$*UTF8*$!
{
	archiveVersion = 1;
	classes = {
	};
	objectVersion = 77;
	objects = {

/* Begin PBXContainerItemProxy section */
		8A57C7662D737A5D007B86E6 /* PBXContainerItemProxy */ = {
			isa = PBXContainerItemProxy;
			containerPortal = 8A57C7472D737A5B007B86E6 /* Project object */;
			proxyType = 1;
			remoteGlobalIDString = 8A57C74E2D737A5B007B86E6;
			remoteInfo = EcoVision;
		};
		8A57C7702D737A5D007B86E6 /* PBXContainerItemProxy */ = {
			isa = PBXContainerItemProxy;
			containerPortal = 8A57C7472D737A5B007B86E6 /* Project object */;
			proxyType = 1;
			remoteGlobalIDString = 8A57C74E2D737A5B007B86E6;
			remoteInfo = EcoVision;
		};
/* End PBXContainerItemProxy section */

/* Begin PBXFileReference section */
		8A57C74F2D737A5B007B86E6 /* EcoVision.app */ = {isa = PBXFileReference; explicitFileType = wrapper.application; includeInIndex = 0; path = EcoVision.app; sourceTree = BUILT_PRODUCTS_DIR; };
		8A57C7652D737A5D007B86E6 /* EcoVisionTests.xctest */ = {isa = PBXFileReference; explicitFileType = wrapper.cfbundle; includeInIndex = 0; path = EcoVisionTests.xctest; sourceTree = BUILT_PRODUCTS_DIR; };
		8A57C76F2D737A5D007B86E6 /* EcoVisionUITests.xctest */ = {isa = PBXFileReference; explicitFileType = wrapper.cfbundle; includeInIndex = 0; path = EcoVisionUITests.xctest; sourceTree = BUILT_PRODUCTS_DIR; };
/* End PBXFileReference section */

/* Begin PBXFileSystemSynchronizedBuildFileExceptionSet section */
		8A57C7772D737A5D007B86E6 /* Exceptions for "EcoVision" folder in "EcoVision" target */ = {
			isa = PBXFileSystemSynchronizedBuildFileExceptionSet;
			membershipExceptions = (
				Info.plist,
			);
			target = 8A57C74E2D737A5B007B86E6 /* EcoVision */;
		};
/* End PBXFileSystemSynchronizedBuildFileExceptionSet section */

/* Begin PBXFileSystemSynchronizedRootGroup section */
		8A57C7512D737A5B007B86E6 /* EcoVision */ = {
			isa = PBXFileSystemSynchronizedRootGroup;
			exceptions = (
				8A57C7772D737A5D007B86E6 /* Exceptions for "EcoVision" folder in "EcoVision" target */,
			);
			path = EcoVision;
			sourceTree = "<group>";
		};
		8A57C7682D737A5D007B86E6 /* EcoVisionTests */ = {
			isa = PBXFileSystemSynchronizedRootGroup;
			path = EcoVisionTests;
			sourceTree = "<group>";
		};
		8A57C7722D737A5D007B86E6 /* EcoVisionUITests */ = {
			isa = PBXFileSystemSynchronizedRootGroup;
			path = EcoVisionUITests;
			sourceTree = "<group>";
		};
/* End PBXFileSystemSynchronizedRootGroup section */

/* Begin PBXFrameworksBuildPhase section */
		8A57C74C2D737A5B007B86E6 /* Frameworks */ = {
			isa = PBXFrameworksBuildPhase;
			buildActionMask = 2147483647;
			files = (
			);
			runOnlyForDeploymentPostprocessing = 0;
		};
		8A57C7622D737A5D007B86E6 /* Frameworks */ = {
			isa = PBXFrameworksBuildPhase;
			buildActionMask = 2147483647;
			files = (
			);
			runOnlyForDeploymentPostprocessing = 0;
		};
		8A57C76C2D737A5D007B86E6 /* Frameworks */ = {
			isa = PBXFrameworksBuildPhase;
			buildActionMask = 2147483647;
			files = (
			);
			runOnlyForDeploymentPostprocessing = 0;
		};
/* End PBXFrameworksBuildPhase section */

/* Begin PBXGroup section */
		8A57C7462D737A5B007B86E6 = {
			isa = PBXGroup;
			children = (
				8A57C7512D737A5B007B86E6 /* EcoVision */,
				8A57C7682D737A5D007B86E6 /* EcoVisionTests */,
				8A57C7722D737A5D007B86E6 /* EcoVisionUITests */,
				8A57C7502D737A5B007B86E6 /* Products */,
			);
			sourceTree = "<group>";
		};
		8A57C7502D737A5B007B86E6 /* Products */ = {
			isa = PBXGroup;
			children = (
				8A57C74F2D737A5B007B86E6 /* EcoVision.app */,
				8A57C7652D737A5D007B86E6 /* EcoVisionTests.xctest */,
				8A57C76F2D737A5D007B86E6 /* EcoVisionUITests.xctest */,
			);
			name = Products;
			sourceTree = "<group>";
		};
/* End PBXGroup section */

/* Begin PBXNativeTarget section */
		8A57C74E2D737A5B007B86E6 /* EcoVision */ = {
			isa = PBXNativeTarget;
			buildConfigurationList = 8A57C7782D737A5D007B86E6 /* Build configuration list for PBXNativeTarget "EcoVision" */;
			buildPhases = (
				8A57C74B2D737A5B007B86E6 /* Sources */,
				8A57C74C2D737A5B007B86E6 /* Frameworks */,
				8A57C74D2D737A5B007B86E6 /* Resources */,
			);
			buildRules = (
			);
			dependencies = (
			);
			fileSystemSynchronizedGroups = (
				8A57C7512D737A5B007B86E6 /* EcoVision */,
			);
			name = EcoVision;
			packageProductDependencies = (
			);
			productName = EcoVision;
			productReference = 8A57C74F2D737A5B007B86E6 /* EcoVision.app */;
			productType = "com.apple.product-type.application";
		};
		8A57C7642D737A5D007B86E6 /* EcoVisionTests */ = {
			isa = PBXNativeTarget;
			buildConfigurationList = 8A57C77D2D737A5D007B86E6 /* Build configuration list for PBXNativeTarget "EcoVisionTests" */;
			buildPhases = (
				8A57C7612D737A5D007B86E6 /* Sources */,
				8A57C7622D737A5D007B86E6 /* Frameworks */,
				8A57C7632D737A5D007B86E6 /* Resources */,
			);
			buildRules = (
			);
			dependencies = (
				8A57C7672D737A5D007B86E6 /* PBXTargetDependency */,
			);
			fileSystemSynchronizedGroups = (
				8A57C7682D737A5D007B86E6 /* EcoVisionTests */,
			);
			name = EcoVisionTests;
			packageProductDependencies = (
			);
			productName = EcoVisionTests;
			productReference = 8A57C7652D737A5D007B86E6 /* EcoVisionTests.xctest */;
			productType = "com.apple.product-type.bundle.unit-test";
		};
		8A57C76E2D737A5D007B86E6 /* EcoVisionUITests */ = {
			isa = PBXNativeTarget;
			buildConfigurationList = 8A57C7802D737A5D007B86E6 /* Build configuration list for PBXNativeTarget "EcoVisionUITests" */;
			buildPhases = (
				8A57C76B2D737A5D007B86E6 /* Sources */,
				8A57C76C2D737A5D007B86E6 /* Frameworks */,
				8A57C76D2D737A5D007B86E6 /* Resources */,
			);
			buildRules = (
			);
			dependencies = (
				8A57C7712D737A5D007B86E6 /* PBXTargetDependency */,
			);
			fileSystemSynchronizedGroups = (
				8A57C7722D737A5D007B86E6 /* EcoVisionUITests */,
			);
			name = EcoVisionUITests;
			packageProductDependencies = (
			);
			productName = EcoVisionUITests;
			productReference = 8A57C76F2D737A5D007B86E6 /* EcoVisionUITests.xctest */;
			productType = "com.apple.product-type.bundle.ui-testing";
		};
/* End PBXNativeTarget section */

/* Begin PBXProject section */
		8A57C7472D737A5B007B86E6 /* Project object */ = {
			isa = PBXProject;
			attributes = {
				BuildIndependentTargetsInParallel = 1;
				LastSwiftUpdateCheck = 1620;
				LastUpgradeCheck = 1620;
				TargetAttributes = {
					8A57C74E2D737A5B007B86E6 = {
						CreatedOnToolsVersion = 16.2;
					};
					8A57C7642D737A5D007B86E6 = {
						CreatedOnToolsVersion = 16.2;
						TestTargetID = 8A57C74E2D737A5B007B86E6;
					};
					8A57C76E2D737A5D007B86E6 = {
						CreatedOnToolsVersion = 16.2;
						TestTargetID = 8A57C74E2D737A5B007B86E6;
					};
				};
			};
			buildConfigurationList = 8A57C74A2D737A5B007B86E6 /* Build configuration list for PBXProject "EcoVision" */;
			developmentRegion = en;
			hasScannedForEncodings = 0;
			knownRegions = (
				en,
				Base,
			);
			mainGroup = 8A57C7462D737A5B007B86E6;
			minimizedProjectReferenceProxies = 1;
			preferredProjectObjectVersion = 77;
			productRefGroup = 8A57C7502D737A5B007B86E6 /* Products */;
			projectDirPath = "";
			projectRoot = "";
			targets = (
				8A57C74E2D737A5B007B86E6 /* EcoVision */,
				8A57C7642D737A5D007B86E6 /* EcoVisionTests */,
				8A57C76E2D737A5D007B86E6 /* EcoVisionUITests */,
			);
		};
/* End PBXProject section */

/* Begin PBXResourcesBuildPhase section */
		8A57C74D2D737A5B007B86E6 /* Resources */ = {
			isa = PBXResourcesBuildPhase;
			buildActionMask = 2147483647;
			files = (
			);
			runOnlyForDeploymentPostprocessing = 0;
		};
		8A57C7632D737A5D007B86E6 /* Resources */ = {
			isa = PBXResourcesBuildPhase;
			buildActionMask = 2147483647;
			files = (
			);
			runOnlyForDeploymentPostprocessing = 0;
		};
		8A57C76D2D737A5D007B86E6 /* Resources */ = {
			isa = PBXResourcesBuildPhase;
			buildActionMask = 2147483647;
			files = (
			);
			runOnlyForDeploymentPostprocessing = 0;
		};
/* End PBXResourcesBuildPhase section */

/* Begin PBXSourcesBuildPhase section */
		8A57C74B2D737A5B007B86E6 /* Sources */ = {
			isa = PBXSourcesBuildPhase;
			buildActionMask = 2147483647;
			files = (
			);
			runOnlyForDeploymentPostprocessing = 0;
		};
		8A57C7612D737A5D007B86E6 /* Sources */ = {
			isa = PBXSourcesBuildPhase;
			buildActionMask = 2147483647;
			files = (
			);
			runOnlyForDeploymentPostprocessing = 0;
		};
		8A57C76B2D737A5D007B86E6 /* Sources */ = {
			isa = PBXSourcesBuildPhase;
			buildActionMask = 2147483647;
			files = (
			);
			runOnlyForDeploymentPostprocessing = 0;
		};
/* End PBXSourcesBuildPhase section */

/* Begin PBXTargetDependency section */
		8A57C7672D737A5D007B86E6 /* PBXTargetDependency */ = {
			isa = PBXTargetDependency;
			target = 8A57C74E2D737A5B007B86E6 /* EcoVision */;
			targetProxy = 8A57C7662D737A5D007B86E6 /* PBXContainerItemProxy */;
		};
		8A57C7712D737A5D007B86E6 /* PBXTargetDependency */ = {
			isa = PBXTargetDependency;
			target = 8A57C74E2D737A5B007B86E6 /* EcoVision */;
			targetProxy = 8A57C7702D737A5D007B86E6 /* PBXContainerItemProxy */;
		};
/* End PBXTargetDependency section */

/* Begin XCBuildConfiguration section */
		8A57C7792D737A5D007B86E6 /* Debug */ = {
			isa = XCBuildConfiguration;
			buildSettings = {
				ASSETCATALOG_COMPILER_APPICON_NAME = AppIcon;
				ASSETCATALOG_COMPILER_GLOBAL_ACCENT_COLOR_NAME = AccentColor;
				CODE_SIGN_STYLE = Automatic;
				CURRENT_PROJECT_VERSION = 1;
				GENERATE_INFOPLIST_FILE = YES;
				INFOPLIST_FILE = EcoVision/Info.plist;
				INFOPLIST_KEY_UIApplicationSupportsIndirectInputEvents = YES;
				INFOPLIST_KEY_UILaunchStoryboardName = LaunchScreen;
				INFOPLIST_KEY_UIMainStoryboardFile = Main;
				INFOPLIST_KEY_UISupportedInterfaceOrientations_iPad = "UIInterfaceOrientationPortrait UIInterfaceOrientationPortraitUpsideDown UIInterfaceOrientationLandscapeLeft UIInterfaceOrientationLandscapeRight";
				INFOPLIST_KEY_UISupportedInterfaceOrientations_iPhone = "UIInterfaceOrientationPortrait UIInterfaceOrientationLandscapeLeft UIInterfaceOrientationLandscapeRight";
				LD_RUNPATH_SEARCH_PATHS = (
					"$(inherited)",
					"@executable_path/Frameworks",
				);
				MARKETING_VERSION = 1.0;
				PRODUCT_BUNDLE_IDENTIFIER = "Yusuf-Morsy.EcoVision";
				PRODUCT_NAME = "$(TARGET_NAME)";
				SWIFT_EMIT_LOC_STRINGS = YES;
				SWIFT_VERSION = 5.0;
				TARGETED_DEVICE_FAMILY = "1,2";
			};
			name = Debug;
		};
		8A57C77A2D737A5D007B86E6 /* Release */ = {
			isa = XCBuildConfiguration;
			buildSettings = {
				ASSETCATALOG_COMPILER_APPICON_NAME = AppIcon;
				ASSETCATALOG_COMPILER_GLOBAL_ACCENT_COLOR_NAME = AccentColor;
				CODE_SIGN_STYLE = Automatic;
				CURRENT_PROJECT_VERSION = 1;
				GENERATE_INFOPLIST_FILE = YES;
				INFOPLIST_FILE = EcoVision/Info.plist;
				INFOPLIST_KEY_UIApplicationSupportsIndirectInputEvents = YES;
				INFOPLIST_KEY_UILaunchStoryboardName = LaunchScreen;
				INFOPLIST_KEY_UIMainStoryboardFile = Main;
				INFOPLIST_KEY_UISupportedInterfaceOrientations_iPad = "UIInterfaceOrientationPortrait UIInterfaceOrientationPortraitUpsideDown UIInterfaceOrientationLandscapeLeft UIInterfaceOrientationLandscapeRight";
				INFOPLIST_KEY_UISupportedInterfaceOrientations_iPhone = "UIInterfaceOrientationPortrait UIInterfaceOrientationLandscapeLeft UIInterfaceOrientationLandscapeRight";
				LD_RUNPATH_SEARCH_PATHS = (
					"$(inherited)",
					"@executable_path/Frameworks",
				);
				MARKETING_VERSION = 1.0;
				PRODUCT_BUNDLE_IDENTIFIER = "Yusuf-Morsy.EcoVision";
				PRODUCT_NAME = "$(TARGET_NAME)";
				SWIFT_EMIT_LOC_STRINGS = YES;
				SWIFT_VERSION = 5.0;
				TARGETED_DEVICE_FAMILY = "1,2";
			};
			name = Release;
		};
		8A57C77B2D737A5D007B86E6 /* Debug */ = {
			isa = XCBuildConfiguration;
			buildSettings = {
				ALWAYS_SEARCH_USER_PATHS = NO;
				ASSETCATALOG_COMPILER_GENERATE_SWIFT_ASSET_SYMBOL_EXTENSIONS = YES;
				CLANG_ANALYZER_NONNULL = YES;
				CLANG_ANALYZER_NUMBER_OBJECT_CONVERSION = YES_AGGRESSIVE;
				CLANG_CXX_LANGUAGE_STANDARD = "gnu++20";
				CLANG_ENABLE_MODULES = YES;
				CLANG_ENABLE_OBJC_ARC = YES;
				CLANG_ENABLE_OBJC_WEAK = YES;
				CLANG_WARN_BLOCK_CAPTURE_AUTORELEASING = YES;
				CLANG_WARN_BOOL_CONVERSION = YES;
				CLANG_WARN_COMMA = YES;
				CLANG_WARN_CONSTANT_CONVERSION = YES;
				CLANG_WARN_DEPRECATED_OBJC_IMPLEMENTATIONS = YES;
				CLANG_WARN_DIRECT_OBJC_ISA_USAGE = YES_ERROR;
				CLANG_WARN_DOCUMENTATION_COMMENTS = YES;
				CLANG_WARN_EMPTY_BODY = YES;
				CLANG_WARN_ENUM_CONVERSION = YES;
				CLANG_WARN_INFINITE_RECURSION = YES;
				CLANG_WARN_INT_CONVERSION = YES;
				CLANG_WARN_NON_LITERAL_NULL_CONVERSION = YES;
				CLANG_WARN_OBJC_IMPLICIT_RETAIN_SELF = YES;
				CLANG_WARN_OBJC_LITERAL_CONVERSION = YES;
				CLANG_WARN_OBJC_ROOT_CLASS = YES_ERROR;
				CLANG_WARN_QUOTED_INCLUDE_IN_FRAMEWORK_HEADER = YES;
				CLANG_WARN_RANGE_LOOP_ANALYSIS = YES;
				CLANG_WARN_STRICT_PROTOTYPES = YES;
				CLANG_WARN_SUSPICIOUS_MOVE = YES;
				CLANG_WARN_UNGUARDED_AVAILABILITY = YES_AGGRESSIVE;
				CLANG_WARN_UNREACHABLE_CODE = YES;
				CLANG_WARN__DUPLICATE_METHOD_MATCH = YES;
				COPY_PHASE_STRIP = NO;
				DEBUG_INFORMATION_FORMAT = dwarf;
				ENABLE_STRICT_OBJC_MSGSEND = YES;
				ENABLE_TESTABILITY = YES;
				ENABLE_USER_SCRIPT_SANDBOXING = YES;
				GCC_C_LANGUAGE_STANDARD = gnu17;
				GCC_DYNAMIC_NO_PIC = NO;
				GCC_NO_COMMON_BLOCKS = YES;
				GCC_OPTIMIZATION_LEVEL = 0;
				GCC_PREPROCESSOR_DEFINITIONS = (
					"DEBUG=1",
					"$(inherited)",
				);
				GCC_WARN_64_TO_32_BIT_CONVERSION = YES;
				GCC_WARN_ABOUT_RETURN_TYPE = YES_ERROR;
				GCC_WARN_UNDECLARED_SELECTOR = YES;
				GCC_WARN_UNINITIALIZED_AUTOS = YES_AGGRESSIVE;
				GCC_WARN_UNUSED_FUNCTION = YES;
				GCC_WARN_UNUSED_VARIABLE = YES;
				IPHONEOS_DEPLOYMENT_TARGET = 18.2;
				LOCALIZATION_PREFERS_STRING_CATALOGS = YES;
				MTL_ENABLE_DEBUG_INFO = INCLUDE_SOURCE;
				MTL_FAST_MATH = YES;
				ONLY_ACTIVE_ARCH = YES;
				SDKROOT = iphoneos;
				SWIFT_ACTIVE_COMPILATION_CONDITIONS = "DEBUG $(inherited)";
				SWIFT_OPTIMIZATION_LEVEL = "-Onone";
			};
			name = Debug;
		};
		8A57C77C2D737A5D007B86E6 /* Release */ = {
			isa = XCBuildConfiguration;
			buildSettings = {
				ALWAYS_SEARCH_USER_PATHS = NO;
				ASSETCATALOG_COMPILER_GENERATE_SWIFT_ASSET_SYMBOL_EXTENSIONS = YES;
				CLANG_ANALYZER_NONNULL = YES;
				CLANG_ANALYZER_NUMBER_OBJECT_CONVERSION = YES_AGGRESSIVE;
				CLANG_CXX_LANGUAGE_STANDARD = "gnu++20";
				CLANG_ENABLE_MODULES = YES;
				CLANG_ENABLE_OBJC_ARC = YES;
				CLANG_ENABLE_OBJC_WEAK = YES;
				CLANG_WARN_BLOCK_CAPTURE_AUTORELEASING = YES;
				CLANG_WARN_BOOL_CONVERSION = YES;
				CLANG_WARN_COMMA = YES;
				CLANG_WARN_CONSTANT_CONVERSION = YES;
				CLANG_WARN_DEPRECATED_OBJC_IMPLEMENTATIONS = YES;
				CLANG_WARN_DIRECT_OBJC_ISA_USAGE = YES_ERROR;
				CLANG_WARN_DOCUMENTATION_COMMENTS = YES;
				CLANG_WARN_EMPTY_BODY = YES;
				CLANG_WARN_ENUM_CONVERSION = YES;
				CLANG_WARN_INFINITE_RECURSION = YES;
				CLANG_WARN_INT_CONVERSION = YES;
				CLANG_WARN_NON_LITERAL_NULL_CONVERSION = YES;
				CLANG_WARN_OBJC_IMPLICIT_RETAIN_SELF = YES;
				CLANG_WARN_OBJC_LITERAL_CONVERSION = YES;
				CLANG_WARN_OBJC_ROOT_CLASS = YES_ERROR;
				CLANG_WARN_QUOTED_INCLUDE_IN_FRAMEWORK_HEADER = YES;
				CLANG_WARN_RANGE_LOOP_ANALYSIS = YES;
				CLANG_WARN_STRICT_PROTOTYPES = YES;
				CLANG_WARN_SUSPICIOUS_MOVE = YES;
				CLANG_WARN_UNGUARDED_AVAILABILITY = YES_AGGRESSIVE;
				CLANG_WARN_UNREACHABLE_CODE = YES;
				CLANG_WARN__DUPLICATE_METHOD_MATCH = YES;
				COPY_PHASE_STRIP = NO;
				DEBUG_INFORMATION_FORMAT = "dwarf-with-dsym";
				ENABLE_NS_ASSERTIONS = NO;
				ENABLE_STRICT_OBJC_MSGSEND = YES;
				ENABLE_USER_SCRIPT_SANDBOXING = YES;
				GCC_C_LANGUAGE_STANDARD = gnu17;
				GCC_NO_COMMON_BLOCKS = YES;
				GCC_WARN_64_TO_32_BIT_CONVERSION = YES;
				GCC_WARN_ABOUT_RETURN_TYPE = YES_ERROR;
				GCC_WARN_UNDECLARED_SELECTOR = YES;
				GCC_WARN_UNINITIALIZED_AUTOS = YES_AGGRESSIVE;
				GCC_WARN_UNUSED_FUNCTION = YES;
				GCC_WARN_UNUSED_VARIABLE = YES;
				IPHONEOS_DEPLOYMENT_TARGET = 18.2;
				LOCALIZATION_PREFERS_STRING_CATALOGS = YES;
				MTL_ENABLE_DEBUG_INFO = NO;
				MTL_FAST_MATH = YES;
				SDKROOT = iphoneos;
				SWIFT_COMPILATION_MODE = wholemodule;
				VALIDATE_PRODUCT = YES;
			};
			name = Release;
		};
		8A57C77E2D737A5D007B86E6 /* Debug */ = {
			isa = XCBuildConfiguration;
			buildSettings = {
				BUNDLE_LOADER = "$(TEST_HOST)";
				CODE_SIGN_STYLE = Automatic;
				CURRENT_PROJECT_VERSION = 1;
				GENERATE_INFOPLIST_FILE = YES;
				IPHONEOS_DEPLOYMENT_TARGET = 18.2;
				MARKETING_VERSION = 1.0;
				PRODUCT_BUNDLE_IDENTIFIER = "Yusuf-Morsy.EcoVisionTests";
				PRODUCT_NAME = "$(TARGET_NAME)";
				SWIFT_EMIT_LOC_STRINGS = NO;
				SWIFT_VERSION = 5.0;
				TARGETED_DEVICE_FAMILY = "1,2";
				TEST_HOST = "$(BUILT_PRODUCTS_DIR)/EcoVision.app/$(BUNDLE_EXECUTABLE_FOLDER_PATH)/EcoVision";
			};
			name = Debug;
		};
		8A57C77F2D737A5D007B86E6 /* Release */ = {
			isa = XCBuildConfiguration;
			buildSettings = {
				BUNDLE_LOADER = "$(TEST_HOST)";
				CODE_SIGN_STYLE = Automatic;
				CURRENT_PROJECT_VERSION = 1;
				GENERATE_INFOPLIST_FILE = YES;
				IPHONEOS_DEPLOYMENT_TARGET = 18.2;
				MARKETING_VERSION = 1.0;
				PRODUCT_BUNDLE_IDENTIFIER = "Yusuf-Morsy.EcoVisionTests";
				PRODUCT_NAME = "$(TARGET_NAME)";
				SWIFT_EMIT_LOC_STRINGS = NO;
				SWIFT_VERSION = 5.0;
				TARGETED_DEVICE_FAMILY = "1,2";
				TEST_HOST = "$(BUILT_PRODUCTS_DIR)/EcoVision.app/$(BUNDLE_EXECUTABLE_FOLDER_PATH)/EcoVision";
			};
			name = Release;
		};
		8A57C7812D737A5D007B86E6 /* Debug */ = {
			isa = XCBuildConfiguration;
			buildSettings = {
				CODE_SIGN_STYLE = Automatic;
				CURRENT_PROJECT_VERSION = 1;
				GENERATE_INFOPLIST_FILE = YES;
				MARKETING_VERSION = 1.0;
				PRODUCT_BUNDLE_IDENTIFIER = "Yusuf-Morsy.EcoVisionUITests";
				PRODUCT_NAME = "$(TARGET_NAME)";
				SWIFT_EMIT_LOC_STRINGS = NO;
				SWIFT_VERSION = 5.0;
				TARGETED_DEVICE_FAMILY = "1,2";
				TEST_TARGET_NAME = EcoVision;
			};
			name = Debug;
		};
		8A57C7822D737A5D007B86E6 /* Release */ = {
			isa = XCBuildConfiguration;
			buildSettings = {
				CODE_SIGN_STYLE = Automatic;
				CURRENT_PROJECT_VERSION = 1;
				GENERATE_INFOPLIST_FILE = YES;
				MARKETING_VERSION = 1.0;
				PRODUCT_BUNDLE_IDENTIFIER = "Yusuf-Morsy.EcoVisionUITests";
				PRODUCT_NAME = "$(TARGET_NAME)";
				SWIFT_EMIT_LOC_STRINGS = NO;
				SWIFT_VERSION = 5.0;
				TARGETED_DEVICE_FAMILY = "1,2";
				TEST_TARGET_NAME = EcoVision;
			};
			name = Release;
		};
/* End XCBuildConfiguration section */

/* Begin XCConfigurationList section */
		8A57C74A2D737A5B007B86E6 /* Build configuration list for PBXProject "EcoVision" */ = {
			isa = XCConfigurationList;
			buildConfigurations = (
				8A57C77B2D737A5D007B86E6 /* Debug */,
				8A57C77C2D737A5D007B86E6 /* Release */,
			);
			defaultConfigurationIsVisible = 0;
			defaultConfigurationName = Release;
		};
		8A57C7782D737A5D007B86E6 /* Build configuration list for PBXNativeTarget "EcoVision" */ = {
			isa = XCConfigurationList;
			buildConfigurations = (
				8A57C7792D737A5D007B86E6 /* Debug */,
				8A57C77A2D737A5D007B86E6 /* Release */,
			);
			defaultConfigurationIsVisible = 0;
			defaultConfigurationName = Release;
		};
		8A57C77D2D737A5D007B86E6 /* Build configuration list for PBXNativeTarget "EcoVisionTests" */ = {
			isa = XCConfigurationList;
			buildConfigurations = (
				8A57C77E2D737A5D007B86E6 /* Debug */,
				8A57C77F2D737A5D007B86E6 /* Release */,
			);
			defaultConfigurationIsVisible = 0;
			defaultConfigurationName = Release;
		};
		8A57C7802D737A5D007B86E6 /* Build configuration list for PBXNativeTarget "EcoVisionUITests" */ = {
			isa = XCConfigurationList;
			buildConfigurations = (
				8A57C7812D737A5D007B86E6 /* Debug */,
				8A57C7822D737A5D007B86E6 /* Release */,
			);
			defaultConfigurationIsVisible = 0;
			defaultConfigurationName = Release;
		};
/* End XCConfigurationList section */
	};
	rootObject = 8A57C7472D737A5B007B86E6 /* Project object */;
}
